// !$*UTF8*$!
{
	archiveVersion = 1;
	classes = {
	};
	objectVersion = 46;
	objects = {

/* Begin PBXBuildFile section */
		185DA7912476EE8F00A4BEF1 /* NetwordTools.swift in Sources */ = {isa = PBXBuildFile; fileRef = 185DA7902476EE8F00A4BEF1 /* NetwordTools.swift */; };
		18EE10A42473B71600B8E88D /* AppDelegate.swift in Sources */ = {isa = PBXBuildFile; fileRef = 18EE10A32473B71600B8E88D /* AppDelegate.swift */; };
		18EE10A62473B71600B8E88D /* ViewController.swift in Sources */ = {isa = PBXBuildFile; fileRef = 18EE10A52473B71600B8E88D /* ViewController.swift */; };
		18EE10A92473B71600B8E88D /* Main.storyboard in Resources */ = {isa = PBXBuildFile; fileRef = 18EE10A72473B71600B8E88D /* Main.storyboard */; };
		18EE10AB2473B71600B8E88D /* Assets.xcassets in Resources */ = {isa = PBXBuildFile; fileRef = 18EE10AA2473B71600B8E88D /* Assets.xcassets */; };
		18EE10AE2473B71600B8E88D /* LaunchScreen.storyboard in Resources */ = {isa = PBXBuildFile; fileRef = 18EE10AC2473B71600B8E88D /* LaunchScreen.storyboard */; };
		18EE10CF2473CED100B8E88D /* MainViewController.swift in Sources */ = {isa = PBXBuildFile; fileRef = 18EE10CE2473CED100B8E88D /* MainViewController.swift */; };
		18EE10D12473CF8400B8E88D /* DiscoverTableViewController.swift in Sources */ = {isa = PBXBuildFile; fileRef = 18EE10D02473CF8400B8E88D /* DiscoverTableViewController.swift */; };
		18EE10D32473CF9500B8E88D /* HomeTableViewController.swift in Sources */ = {isa = PBXBuildFile; fileRef = 18EE10D22473CF9500B8E88D /* HomeTableViewController.swift */; };
		18EE10D52473CFA400B8E88D /* MessageTableViewController.swift in Sources */ = {isa = PBXBuildFile; fileRef = 18EE10D42473CFA400B8E88D /* MessageTableViewController.swift */; };
		18EE10D72473CFB100B8E88D /* ProfileTableViewController.swift in Sources */ = {isa = PBXBuildFile; fileRef = 18EE10D62473CFB100B8E88D /* ProfileTableViewController.swift */; };
		18EE10DB2473DC4F00B8E88D /* UIBtn+Extention.swift in Sources */ = {isa = PBXBuildFile; fileRef = 18EE10DA2473DC4F00B8E88D /* UIBtn+Extention.swift */; };
		18EE10DE2474099E00B8E88D /* VisitorTableViewController.swift in Sources */ = {isa = PBXBuildFile; fileRef = 18EE10DD2474099E00B8E88D /* VisitorTableViewController.swift */; };
		18EE10E024740B8400B8E88D /* VisitorView.swift in Sources */ = {isa = PBXBuildFile; fileRef = 18EE10DF24740B8400B8E88D /* VisitorView.swift */; };
		E8DCCEE01B459446A334FED4 /* Pods_iSemester.framework in Frameworks */ = {isa = PBXBuildFile; fileRef = DAC2558D02662D63F0952251 /* Pods_iSemester.framework */; };
/* End PBXBuildFile section */

/* Begin PBXFileReference section */
		185DA7902476EE8F00A4BEF1 /* NetwordTools.swift */ = {isa = PBXFileReference; fileEncoding = 4; lastKnownFileType = sourcecode.swift; path = NetwordTools.swift; sourceTree = "<group>"; };
		18EE10A02473B71600B8E88D /* iSemester.app */ = {isa = PBXFileReference; explicitFileType = wrapper.application; includeInIndex = 0; path = iSemester.app; sourceTree = BUILT_PRODUCTS_DIR; };
		18EE10A32473B71600B8E88D /* AppDelegate.swift */ = {isa = PBXFileReference; lastKnownFileType = sourcecode.swift; path = AppDelegate.swift; sourceTree = "<group>"; };
		18EE10A52473B71600B8E88D /* ViewController.swift */ = {isa = PBXFileReference; lastKnownFileType = sourcecode.swift; path = ViewController.swift; sourceTree = "<group>"; };
		18EE10A82473B71600B8E88D /* Base */ = {isa = PBXFileReference; lastKnownFileType = file.storyboard; name = Base; path = Base.lproj/Main.storyboard; sourceTree = "<group>"; };
		18EE10AA2473B71600B8E88D /* Assets.xcassets */ = {isa = PBXFileReference; lastKnownFileType = folder.assetcatalog; path = Assets.xcassets; sourceTree = "<group>"; };
		18EE10AD2473B71600B8E88D /* Base */ = {isa = PBXFileReference; lastKnownFileType = file.storyboard; name = Base; path = Base.lproj/LaunchScreen.storyboard; sourceTree = "<group>"; };
		18EE10AF2473B71600B8E88D /* Info.plist */ = {isa = PBXFileReference; lastKnownFileType = text.plist.xml; path = Info.plist; sourceTree = "<group>"; };
		18EE10CE2473CED100B8E88D /* MainViewController.swift */ = {isa = PBXFileReference; fileEncoding = 4; lastKnownFileType = sourcecode.swift; path = MainViewController.swift; sourceTree = "<group>"; };
		18EE10D02473CF8400B8E88D /* DiscoverTableViewController.swift */ = {isa = PBXFileReference; fileEncoding = 4; lastKnownFileType = sourcecode.swift; path = DiscoverTableViewController.swift; sourceTree = "<group>"; };
		18EE10D22473CF9500B8E88D /* HomeTableViewController.swift */ = {isa = PBXFileReference; fileEncoding = 4; lastKnownFileType = sourcecode.swift; path = HomeTableViewController.swift; sourceTree = "<group>"; };
		18EE10D42473CFA400B8E88D /* MessageTableViewController.swift */ = {isa = PBXFileReference; fileEncoding = 4; lastKnownFileType = sourcecode.swift; path = MessageTableViewController.swift; sourceTree = "<group>"; };
		18EE10D62473CFB100B8E88D /* ProfileTableViewController.swift */ = {isa = PBXFileReference; fileEncoding = 4; lastKnownFileType = sourcecode.swift; path = ProfileTableViewController.swift; sourceTree = "<group>"; };
		18EE10DA2473DC4F00B8E88D /* UIBtn+Extention.swift */ = {isa = PBXFileReference; fileEncoding = 4; lastKnownFileType = sourcecode.swift; path = "UIBtn+Extention.swift"; sourceTree = "<group>"; };
		18EE10DD2474099E00B8E88D /* VisitorTableViewController.swift */ = {isa = PBXFileReference; fileEncoding = 4; lastKnownFileType = sourcecode.swift; path = VisitorTableViewController.swift; sourceTree = "<group>"; };
		18EE10DF24740B8400B8E88D /* VisitorView.swift */ = {isa = PBXFileReference; fileEncoding = 4; lastKnownFileType = sourcecode.swift; path = VisitorView.swift; sourceTree = "<group>"; };
		21CF70BB074F20E9AC943E2E /* Pods-iSemester.debug.xcconfig */ = {isa = PBXFileReference; includeInIndex = 1; lastKnownFileType = text.xcconfig; name = "Pods-iSemester.debug.xcconfig"; path = "Target Support Files/Pods-iSemester/Pods-iSemester.debug.xcconfig"; sourceTree = "<group>"; };
		5D215A312460E43B46BA10F5 /* Pods-iSemester.release.xcconfig */ = {isa = PBXFileReference; includeInIndex = 1; lastKnownFileType = text.xcconfig; name = "Pods-iSemester.release.xcconfig"; path = "Target Support Files/Pods-iSemester/Pods-iSemester.release.xcconfig"; sourceTree = "<group>"; };
		DAC2558D02662D63F0952251 /* Pods_iSemester.framework */ = {isa = PBXFileReference; explicitFileType = wrapper.framework; includeInIndex = 0; path = Pods_iSemester.framework; sourceTree = BUILT_PRODUCTS_DIR; };
/* End PBXFileReference section */

/* Begin PBXFrameworksBuildPhase section */
		18EE109D2473B71500B8E88D /* Frameworks */ = {
			isa = PBXFrameworksBuildPhase;
			buildActionMask = 2147483647;
			files = (
				E8DCCEE01B459446A334FED4 /* Pods_iSemester.framework in Frameworks */,
			);
			runOnlyForDeploymentPostprocessing = 0;
		};
/* End PBXFrameworksBuildPhase section */

/* Begin PBXGroup section */
		18EE10972473B71500B8E88D = {
			isa = PBXGroup;
			children = (
				18EE10A22473B71600B8E88D /* iSemester */,
				18EE10A12473B71600B8E88D /* Products */,
				E7EC84CBE784221340D84EAD /* Pods */,
				6E207FFAACD1B093DCC7224E /* Frameworks */,
			);
			sourceTree = "<group>";
		};
		18EE10A12473B71600B8E88D /* Products */ = {
			isa = PBXGroup;
			children = (
				18EE10A02473B71600B8E88D /* iSemester.app */,
			);
			name = Products;
			sourceTree = "<group>";
		};
		18EE10A22473B71600B8E88D /* iSemester */ = {
			isa = PBXGroup;
			children = (
				18EE10C22473CD4500B8E88D /* Classes */,
				18EE10A32473B71600B8E88D /* AppDelegate.swift */,
				18EE10A52473B71600B8E88D /* ViewController.swift */,
				18EE10A72473B71600B8E88D /* Main.storyboard */,
				18EE10AA2473B71600B8E88D /* Assets.xcassets */,
				18EE10AC2473B71600B8E88D /* LaunchScreen.storyboard */,
				18EE10AF2473B71600B8E88D /* Info.plist */,
			);
			path = iSemester;
			sourceTree = "<group>";
		};
		18EE10C22473CD4500B8E88D /* Classes */ = {
			isa = PBXGroup;
			children = (
				18EE10C32473CD4500B8E88D /* Model */,
				18EE10C42473CD4500B8E88D /* Tools */,
				18EE10C52473CD4500B8E88D /* View */,
				18EE10CB2473CD4500B8E88D /* Viewmodel */,
			);
			path = Classes;
			sourceTree = "<group>";
		};
		18EE10C32473CD4500B8E88D /* Model */ = {
			isa = PBXGroup;
			children = (
			);
			path = Model;
			sourceTree = "<group>";
		};
		18EE10C42473CD4500B8E88D /* Tools */ = {
			isa = PBXGroup;
			children = (
				18EE10D92473DBEC00B8E88D /* Extension */,
				185DA7902476EE8F00A4BEF1 /* NetwordTools.swift */,
			);
			path = Tools;
			sourceTree = "<group>";
		};
		18EE10C52473CD4500B8E88D /* View */ = {
			isa = PBXGroup;
			children = (
				18EE10C62473CD4500B8E88D /* Discover */,
				18EE10C72473CD4500B8E88D /* Home */,
				18EE10C82473CD4500B8E88D /* Main */,
				18EE10C92473CD4500B8E88D /* Message */,
				18EE10CA2473CD4500B8E88D /* Profile */,
			);
			path = View;
			sourceTree = "<group>";
		};
		18EE10C62473CD4500B8E88D /* Discover */ = {
			isa = PBXGroup;
			children = (
				18EE10D02473CF8400B8E88D /* DiscoverTableViewController.swift */,
			);
			path = Discover;
			sourceTree = "<group>";
		};
		18EE10C72473CD4500B8E88D /* Home */ = {
			isa = PBXGroup;
			children = (
				18EE10D22473CF9500B8E88D /* HomeTableViewController.swift */,
			);
			path = Home;
			sourceTree = "<group>";
		};
		18EE10C82473CD4500B8E88D /* Main */ = {
			isa = PBXGroup;
			children = (
				18EE10DC2474096200B8E88D /* Visitor */,
				18EE10CE2473CED100B8E88D /* MainViewController.swift */,
			);
			path = Main;
			sourceTree = "<group>";
		};
		18EE10C92473CD4500B8E88D /* Message */ = {
			isa = PBXGroup;
			children = (
				18EE10D42473CFA400B8E88D /* MessageTableViewController.swift */,
			);
			path = Message;
			sourceTree = "<group>";
		};
		18EE10CA2473CD4500B8E88D /* Profile */ = {
			isa = PBXGroup;
			children = (
				18EE10D62473CFB100B8E88D /* ProfileTableViewController.swift */,
			);
			path = Profile;
			sourceTree = "<group>";
		};
		18EE10CB2473CD4500B8E88D /* Viewmodel */ = {
			isa = PBXGroup;
			children = (
			);
			path = Viewmodel;
			sourceTree = "<group>";
		};
		18EE10D92473DBEC00B8E88D /* Extension */ = {
			isa = PBXGroup;
			children = (
				18EE10DA2473DC4F00B8E88D /* UIBtn+Extention.swift */,
			);
			name = Extension;
			sourceTree = "<group>";
		};
		18EE10DC2474096200B8E88D /* Visitor */ = {
			isa = PBXGroup;
			children = (
				18EE10DD2474099E00B8E88D /* VisitorTableViewController.swift */,
				18EE10DF24740B8400B8E88D /* VisitorView.swift */,
			);
			name = Visitor;
			sourceTree = "<group>";
		};
		6E207FFAACD1B093DCC7224E /* Frameworks */ = {
			isa = PBXGroup;
			children = (
				DAC2558D02662D63F0952251 /* Pods_iSemester.framework */,
			);
			name = Frameworks;
			sourceTree = "<group>";
		};
		E7EC84CBE784221340D84EAD /* Pods */ = {
			isa = PBXGroup;
			children = (
				21CF70BB074F20E9AC943E2E /* Pods-iSemester.debug.xcconfig */,
				5D215A312460E43B46BA10F5 /* Pods-iSemester.release.xcconfig */,
			);
			path = Pods;
			sourceTree = "<group>";
		};
/* End PBXGroup section */

/* Begin PBXNativeTarget section */
		18EE109F2473B71500B8E88D /* iSemester */ = {
			isa = PBXNativeTarget;
			buildConfigurationList = 18EE10B22473B71600B8E88D /* Build configuration list for PBXNativeTarget "iSemester" */;
			buildPhases = (
				E77A4BA49481A47E6B07110E /* [CP] Check Pods Manifest.lock */,
				18EE109C2473B71500B8E88D /* Sources */,
				18EE109D2473B71500B8E88D /* Frameworks */,
				18EE109E2473B71500B8E88D /* Resources */,
				33A76342DE30DC04EAE07289 /* [CP] Embed Pods Frameworks */,
			);
			buildRules = (
			);
			dependencies = (
			);
			name = iSemester;
			productName = iSemester;
			productReference = 18EE10A02473B71600B8E88D /* iSemester.app */;
			productType = "com.apple.product-type.application";
		};
/* End PBXNativeTarget section */

/* Begin PBXProject section */
		18EE10982473B71500B8E88D /* Project object */ = {
			isa = PBXProject;
			attributes = {
				LastSwiftUpdateCheck = 0820;
				LastUpgradeCheck = 0820;
				ORGANIZATIONNAME = Nglede;
				TargetAttributes = {
					18EE109F2473B71500B8E88D = {
						CreatedOnToolsVersion = 8.2.1;
						ProvisioningStyle = Automatic;
					};
				};
			};
			buildConfigurationList = 18EE109B2473B71500B8E88D /* Build configuration list for PBXProject "iSemester" */;
			compatibilityVersion = "Xcode 3.2";
			developmentRegion = English;
			hasScannedForEncodings = 0;
			knownRegions = (
				en,
				Base,
			);
			mainGroup = 18EE10972473B71500B8E88D;
			productRefGroup = 18EE10A12473B71600B8E88D /* Products */;
			projectDirPath = "";
			projectRoot = "";
			targets = (
				18EE109F2473B71500B8E88D /* iSemester */,
			);
		};
/* End PBXProject section */

/* Begin PBXResourcesBuildPhase section */
		18EE109E2473B71500B8E88D /* Resources */ = {
			isa = PBXResourcesBuildPhase;
			buildActionMask = 2147483647;
			files = (
				18EE10AE2473B71600B8E88D /* LaunchScreen.storyboard in Resources */,
				18EE10AB2473B71600B8E88D /* Assets.xcassets in Resources */,
				18EE10A92473B71600B8E88D /* Main.storyboard in Resources */,
			);
			runOnlyForDeploymentPostprocessing = 0;
		};
/* End PBXResourcesBuildPhase section */

/* Begin PBXShellScriptBuildPhase section */
		33A76342DE30DC04EAE07289 /* [CP] Embed Pods Frameworks */ = {
			isa = PBXShellScriptBuildPhase;
			buildActionMask = 2147483647;
			files = (
			);
			inputPaths = (
				"${PODS_ROOT}/Target Support Files/Pods-iSemester/Pods-iSemester-frameworks.sh",
				"${BUILT_PRODUCTS_DIR}/AFNetworking/AFNetworking.framework",
			);
			name = "[CP] Embed Pods Frameworks";
			outputPaths = (
				"${TARGET_BUILD_DIR}/${FRAMEWORKS_FOLDER_PATH}/AFNetworking.framework",
			);
			runOnlyForDeploymentPostprocessing = 0;
			shellPath = /bin/sh;
			shellScript = "\"${PODS_ROOT}/Target Support Files/Pods-iSemester/Pods-iSemester-frameworks.sh\"\n";
			showEnvVarsInLog = 0;
		};
		E77A4BA49481A47E6B07110E /* [CP] Check Pods Manifest.lock */ = {
			isa = PBXShellScriptBuildPhase;
			buildActionMask = 2147483647;
			files = (
			);
			inputPaths = (
				"${PODS_PODFILE_DIR_PATH}/Podfile.lock",
				"${PODS_ROOT}/Manifest.lock",
			);
			name = "[CP] Check Pods Manifest.lock";
			outputPaths = (
				"$(DERIVED_FILE_DIR)/Pods-iSemester-checkManifestLockResult.txt",
			);
			runOnlyForDeploymentPostprocessing = 0;
			shellPath = /bin/sh;
			shellScript = "diff \"${PODS_PODFILE_DIR_PATH}/Podfile.lock\" \"${PODS_ROOT}/Manifest.lock\" > /dev/null\nif [ $? != 0 ] ; then\n    # print error to STDERR\n    echo \"error: The sandbox is not in sync with the Podfile.lock. Run 'pod install' or update your CocoaPods installation.\" >&2\n    exit 1\nfi\n# This output is used by Xcode 'outputs' to avoid re-running this script phase.\necho \"SUCCESS\" > \"${SCRIPT_OUTPUT_FILE_0}\"\n";
			showEnvVarsInLog = 0;
		};
/* End PBXShellScriptBuildPhase section */

/* Begin PBXSourcesBuildPhase section */
		18EE109C2473B71500B8E88D /* Sources */ = {
			isa = PBXSourcesBuildPhase;
			buildActionMask = 2147483647;
			files = (
				18EE10D72473CFB100B8E88D /* ProfileTableViewController.swift in Sources */,
				185DA7912476EE8F00A4BEF1 /* NetwordTools.swift in Sources */,
				18EE10CF2473CED100B8E88D /* MainViewController.swift in Sources */,
				18EE10A62473B71600B8E88D /* ViewController.swift in Sources */,
				18EE10DB2473DC4F00B8E88D /* UIBtn+Extention.swift in Sources */,
				18EE10D12473CF8400B8E88D /* DiscoverTableViewController.swift in Sources */,
				18EE10A42473B71600B8E88D /* AppDelegate.swift in Sources */,
				18EE10DE2474099E00B8E88D /* VisitorTableViewController.swift in Sources */,
				18EE10E024740B8400B8E88D /* VisitorView.swift in Sources */,
				18EE10D52473CFA400B8E88D /* MessageTableViewController.swift in Sources */,
				18EE10D32473CF9500B8E88D /* HomeTableViewController.swift in Sources */,
			);
			runOnlyForDeploymentPostprocessing = 0;
		};
/* End PBXSourcesBuildPhase section */

/* Begin PBXVariantGroup section */
		18EE10A72473B71600B8E88D /* Main.storyboard */ = {
			isa = PBXVariantGroup;
			children = (
				18EE10A82473B71600B8E88D /* Base */,
			);
			name = Main.storyboard;
			sourceTree = "<group>";
		};
		18EE10AC2473B71600B8E88D /* LaunchScreen.storyboard */ = {
			isa = PBXVariantGroup;
			children = (
				18EE10AD2473B71600B8E88D /* Base */,
			);
			name = LaunchScreen.storyboard;
			sourceTree = "<group>";
		};
/* End PBXVariantGroup section */

/* Begin XCBuildConfiguration section */
		18EE10B02473B71600B8E88D /* Debug */ = {
			isa = XCBuildConfiguration;
			buildSettings = {
				ALWAYS_SEARCH_USER_PATHS = NO;
				CLANG_ANALYZER_NONNULL = YES;
				CLANG_CXX_LANGUAGE_STANDARD = "gnu++0x";
				CLANG_CXX_LIBRARY = "libc++";
				CLANG_ENABLE_MODULES = YES;
				CLANG_ENABLE_OBJC_ARC = YES;
				CLANG_WARN_BOOL_CONVERSION = YES;
				CLANG_WARN_CONSTANT_CONVERSION = YES;
				CLANG_WARN_DIRECT_OBJC_ISA_USAGE = YES_ERROR;
				CLANG_WARN_DOCUMENTATION_COMMENTS = YES;
				CLANG_WARN_EMPTY_BODY = YES;
				CLANG_WARN_ENUM_CONVERSION = YES;
				CLANG_WARN_INFINITE_RECURSION = YES;
				CLANG_WARN_INT_CONVERSION = YES;
				CLANG_WARN_OBJC_ROOT_CLASS = YES_ERROR;
				CLANG_WARN_SUSPICIOUS_MOVE = YES;
				CLANG_WARN_UNREACHABLE_CODE = YES;
				CLANG_WARN__DUPLICATE_METHOD_MATCH = YES;
				"CODE_SIGN_IDENTITY[sdk=iphoneos*]" = "iPhone Developer";
				COPY_PHASE_STRIP = NO;
				DEBUG_INFORMATION_FORMAT = dwarf;
				ENABLE_STRICT_OBJC_MSGSEND = YES;
				ENABLE_TESTABILITY = YES;
				GCC_C_LANGUAGE_STANDARD = gnu99;
				GCC_DYNAMIC_NO_PIC = NO;
				GCC_NO_COMMON_BLOCKS = YES;
				GCC_OPTIMIZATION_LEVEL = 0;
				GCC_PREPROCESSOR_DEFINITIONS = (
					"DEBUG=1",
					"$(inherited)",
				);
				GCC_WARN_64_TO_32_BIT_CONVERSION = YES;
				GCC_WARN_ABOUT_RETURN_TYPE = YES_ERROR;
				GCC_WARN_UNDECLARED_SELECTOR = YES;
				GCC_WARN_UNINITIALIZED_AUTOS = YES_AGGRESSIVE;
				GCC_WARN_UNUSED_FUNCTION = YES;
				GCC_WARN_UNUSED_VARIABLE = YES;
				IPHONEOS_DEPLOYMENT_TARGET = 10.2;
				MTL_ENABLE_DEBUG_INFO = YES;
				ONLY_ACTIVE_ARCH = YES;
				SDKROOT = iphoneos;
				SWIFT_ACTIVE_COMPILATION_CONDITIONS = DEBUG;
				SWIFT_OPTIMIZATION_LEVEL = "-Onone";
				TARGETED_DEVICE_FAMILY = "1,2";
			};
			name = Debug;
		};
		18EE10B12473B71600B8E88D /* Release */ = {
			isa = XCBuildConfiguration;
			buildSettings = {
				ALWAYS_SEARCH_USER_PATHS = NO;
				CLANG_ANALYZER_NONNULL = YES;
				CLANG_CXX_LANGUAGE_STANDARD = "gnu++0x";
				CLANG_CXX_LIBRARY = "libc++";
				CLANG_ENABLE_MODULES = YES;
				CLANG_ENABLE_OBJC_ARC = YES;
				CLANG_WARN_BOOL_CONVERSION = YES;
				CLANG_WARN_CONSTANT_CONVERSION = YES;
				CLANG_WARN_DIRECT_OBJC_ISA_USAGE = YES_ERROR;
				CLANG_WARN_DOCUMENTATION_COMMENTS = YES;
				CLANG_WARN_EMPTY_BODY = YES;
				CLANG_WARN_ENUM_CONVERSION = YES;
				CLANG_WARN_INFINITE_RECURSION = YES;
				CLANG_WARN_INT_CONVERSION = YES;
				CLANG_WARN_OBJC_ROOT_CLASS = YES_ERROR;
				CLANG_WARN_SUSPICIOUS_MOVE = YES;
				CLANG_WARN_UNREACHABLE_CODE = YES;
				CLANG_WARN__DUPLICATE_METHOD_MATCH = YES;
				"CODE_SIGN_IDENTITY[sdk=iphoneos*]" = "iPhone Developer";
				COPY_PHASE_STRIP = NO;
				DEBUG_INFORMATION_FORMAT = "dwarf-with-dsym";
				ENABLE_NS_ASSERTIONS = NO;
				ENABLE_STRICT_OBJC_MSGSEND = YES;
				GCC_C_LANGUAGE_STANDARD = gnu99;
				GCC_NO_COMMON_BLOCKS = YES;
				GCC_WARN_64_TO_32_BIT_CONVERSION = YES;
				GCC_WARN_ABOUT_RETURN_TYPE = YES_ERROR;
				GCC_WARN_UNDECLARED_SELECTOR = YES;
				GCC_WARN_UNINITIALIZED_AUTOS = YES_AGGRESSIVE;
				GCC_WARN_UNUSED_FUNCTION = YES;
				GCC_WARN_UNUSED_VARIABLE = YES;
				IPHONEOS_DEPLOYMENT_TARGET = 10.2;
				MTL_ENABLE_DEBUG_INFO = NO;
				SDKROOT = iphoneos;
				SWIFT_OPTIMIZATION_LEVEL = "-Owholemodule";
				TARGETED_DEVICE_FAMILY = "1,2";
				VALIDATE_PRODUCT = YES;
			};
			name = Release;
		};
		18EE10B32473B71600B8E88D /* Debug */ = {
			isa = XCBuildConfiguration;
			baseConfigurationReference = 21CF70BB074F20E9AC943E2E /* Pods-iSemester.debug.xcconfig */;
			buildSettings = {
				ASSETCATALOG_COMPILER_APPICON_NAME = AppIcon;
				ASSETCATALOG_COMPILER_LAUNCHIMAGE_NAME = "Brand Assets";
				INFOPLIST_FILE = iSemester/Info.plist;
				LD_RUNPATH_SEARCH_PATHS = "$(inherited) @executable_path/Frameworks";
				PRODUCT_BUNDLE_IDENTIFIER = com.nglede.iSemester;
				PRODUCT_NAME = "$(TARGET_NAME)";
				SWIFT_VERSION = 3.0;
			};
			name = Debug;
		};
		18EE10B42473B71600B8E88D /* Release */ = {
			isa = XCBuildConfiguration;
			baseConfigurationReference = 5D215A312460E43B46BA10F5 /* Pods-iSemester.release.xcconfig */;
			buildSettings = {
				ASSETCATALOG_COMPILER_APPICON_NAME = AppIcon;
				ASSETCATALOG_COMPILER_LAUNCHIMAGE_NAME = "Brand Assets";
				INFOPLIST_FILE = iSemester/Info.plist;
				LD_RUNPATH_SEARCH_PATHS = "$(inherited) @executable_path/Frameworks";
				PRODUCT_BUNDLE_IDENTIFIER = com.nglede.iSemester;
				PRODUCT_NAME = "$(TARGET_NAME)";
				SWIFT_VERSION = 3.0;
			};
			name = Release;
		};
/* End XCBuildConfiguration section */

/* Begin XCConfigurationList section */
		18EE109B2473B71500B8E88D /* Build configuration list for PBXProject "iSemester" */ = {
			isa = XCConfigurationList;
			buildConfigurations = (
				18EE10B02473B71600B8E88D /* Debug */,
				18EE10B12473B71600B8E88D /* Release */,
			);
			defaultConfigurationIsVisible = 0;
			defaultConfigurationName = Release;
		};
		18EE10B22473B71600B8E88D /* Build configuration list for PBXNativeTarget "iSemester" */ = {
			isa = XCConfigurationList;
			buildConfigurations = (
				18EE10B32473B71600B8E88D /* Debug */,
				18EE10B42473B71600B8E88D /* Release */,
			);
			defaultConfigurationIsVisible = 0;
			defaultConfigurationName = Release;
		};
/* End XCConfigurationList section */
	};
	rootObject = 18EE10982473B71500B8E88D /* Project object */;
}
